
Microsoft Visual Studio Solution File, Format Version 12.00
# Visual Studio Version 16
VisualStudioVersion = 16.0.31129.286
MinimumVisualStudioVersion = 10.0.40219.1
Project("{FAE04EC0-301F-11D3-BF4B-00C04F79EFBC}") = "BelajarOOP", "BelajarOOP\BelajarOOP.csproj", "{3D32D9A1-461F-401D-AF01-25341D29F76A}"
EndProject
Global
	GlobalSection(SolutionConfigurationPlatforms) = preSolution
		Debug|Any CPU = Debug|Any CPU
		Release|Any CPU = Release|Any CPU
	EndGlobalSection
	GlobalSection(ProjectConfigurationPlatforms) = postSolution
		{3D32D9A1-461F-401D-AF01-25341D29F76A}.Debug|Any CPU.ActiveCfg = Debug|Any CPU
		{3D32D9A1-461F-401D-AF01-25341D29F76A}.Debug|Any CPU.Build.0 = Debug|Any CPU
		{3D32D9A1-461F-401D-AF01-25341D29F76A}.Release|Any CPU.ActiveCfg = Release|Any CPU
		{3D32D9A1-461F-401D-AF01-25341D29F76A}.Release|Any CPU.Build.0 = Release|Any CPU
	EndGlobalSection
	GlobalSection(SolutionProperties) = preSolution
		HideSolutionNode = FALSE
	EndGlobalSection
	GlobalSection(ExtensibilityGlobals) = postSolution
		SolutionGuid = {AF2933EA-F80F-4CF9-9655-3095B2F33497}
	EndGlobalSection
EndGlobal
